
Microsoft Visual Studio Solution File, Format Version 12.00
# Visual Studio Version 17
VisualStudioVersion = 17.8.34112.27
MinimumVisualStudioVersion = 10.0.40219.1
Project("{2150E333-8FDC-42A3-9474-1A3956D46DE8}") = "Library", "Library", "{B8C3B9DB-FD70-4CC9-9B4D-623053B38A3B}"
EndProject
Project("{2150E333-8FDC-42A3-9474-1A3956D46DE8}") = "Application", "Application", "{55FCBCDB-FE44-48E5-B3F0-83658FA44299}"
EndProject
Project("{9A19103F-16F7-4668-BE54-9A1E7A4F7556}") = "CR.ApplicationBase", "Library\CR.ApplicationBase\CR.ApplicationBase.csproj", "{E751E03A-79C3-4365-AE34-654CB5B737DD}"
EndProject
Project("{2150E333-8FDC-42A3-9474-1A3956D46DE8}") = "Infrastructure", "Infrastructure", "{BE74B5CD-39C0-4F21-A49E-863BB28E953E}"
EndProject
Project("{2150E333-8FDC-42A3-9474-1A3956D46DE8}") = "Web", "Web", "{9C93A3F5-0188-41EF-BCCF-6E5624569F1C}"
EndProject
Project("{9A19103F-16F7-4668-BE54-9A1E7A4F7556}") = "CR.EntitiesBase", "Library\CR.EntitiesBase\CR.EntitiesBase.csproj", "{AF7F8BD3-D662-4D32-B66B-9FE687BBFD57}"
EndProject
Project("{9A19103F-16F7-4668-BE54-9A1E7A4F7556}") = "CR.InfrastructureBase", "Library\CR.InfrastructureBase\CR.InfrastructureBase.csproj", "{DF78817F-BA03-4F2A-B9E5-F087013811AE}"
EndProject
Project("{9A19103F-16F7-4668-BE54-9A1E7A4F7556}") = "CR.IdentityServerBase", "Library\CR.IdentityServerBase\CR.IdentityServerBase.csproj", "{2CA4F38F-92A0-4D61-BA6E-98FBC0D3AB72}"
EndProject
Project("{9A19103F-16F7-4668-BE54-9A1E7A4F7556}") = "CR.WebAPIBase", "Library\CR.WebAPIBase\CR.WebAPIBase.csproj", "{028AE4E6-999A-45CC-A2A5-B29F2E79A8B0}"
EndProject
Project("{9A19103F-16F7-4668-BE54-9A1E7A4F7556}") = "CR.Utils", "Library\CR.Utils\CR.Utils.csproj", "{75795799-1282-4547-AC60-0D978E44E096}"
EndProject
Project("{2150E333-8FDC-42A3-9474-1A3956D46DE8}") = "Tools", "Tools", "{84BA3E1F-5AD8-404F-AF9D-ABB8F277EA2B}"
EndProject
Project("{2150E333-8FDC-42A3-9474-1A3956D46DE8}") = "Services", "Services", "{B98DEC49-8F97-4669-880D-3BC72345B9E7}"
EndProject
Project("{9A19103F-16F7-4668-BE54-9A1E7A4F7556}") = "CR.HostConsole", "Tools\CR.HostConsole\CR.HostConsole.csproj", "{1CC9BF2A-EB04-4B19-89FD-27CE3DD40CFC}"
EndProject
Project("{2150E333-8FDC-42A3-9474-1A3956D46DE8}") = "Core", "Core", "{D48046C2-AA30-4165-AA1B-D2BA3C5C2342}"
EndProject
Project("{2150E333-8FDC-42A3-9474-1A3956D46DE8}") = "Shared", "Shared", "{34926495-8C23-44AF-AF1C-9C8DDB95CC3F}"
EndProject
Project("{9A19103F-16F7-4668-BE54-9A1E7A4F7556}") = "CR.Constants", "Services\Shared\CR.Constants\CR.Constants.csproj", "{332201D9-B10C-4BE6-B40F-9F7A85235F51}"
EndProject
Project("{2150E333-8FDC-42A3-9474-1A3956D46DE8}") = "Solution Items", "Solution Items", "{B40F0490-F652-433A-B8F8-E54A36C86C38}"
	ProjectSection(SolutionItems) = preProject
		.editorconfig = .editorconfig
	EndProjectSection
EndProject
Project("{9A19103F-16F7-4668-BE54-9A1E7A4F7556}") = "CR.Common", "Services\Shared\CR.Common\CR.Common.csproj", "{9F2FA5B2-5C6E-4D95-8949-05A0FCD586D0}"
EndProject
Project("{9A19103F-16F7-4668-BE54-9A1E7A4F7556}") = "CR.UserRolePermission", "Services\Shared\CR.UserRolePermission\CR.UserRolePermission.csproj", "{5AB71CDF-7088-4B23-9C63-031089304C11}"
EndProject
Project("{9A19103F-16F7-4668-BE54-9A1E7A4F7556}") = "CR.Core.Domain", "Services\Core\CR.Core.Domain\CR.Core.Domain.csproj", "{7D86A375-D732-422F-841E-69B8C6C08F7E}"
EndProject
Project("{9A19103F-16F7-4668-BE54-9A1E7A4F7556}") = "CR.Core.Infrastructure", "Services\Core\CR.Core.Infrastructure\CR.Core.Infrastructure.csproj", "{8355238A-A8F2-4387-A367-771EB967A4D1}"
EndProject
Project("{9A19103F-16F7-4668-BE54-9A1E7A4F7556}") = "CR.Core.ApplicationServices", "Services\Core\CR.Core.ApplicationServices\CR.Core.ApplicationServices.csproj", "{9BB3A2AD-EE78-49DC-80E4-4D25CDB9C769}"
EndProject
Project("{9A19103F-16F7-4668-BE54-9A1E7A4F7556}") = "CR.Core.API", "Services\Core\CR.Core.API\CR.Core.API.csproj", "{99795BB1-10F6-4E88-908C-7E44BEC55ABB}"
EndProject
Project("{2150E333-8FDC-42A3-9474-1A3956D46DE8}") = "Docker", "Docker", "{78C5C129-7CAA-4318-91AD-403E097A0DC4}"
EndProject
Project("{9A19103F-16F7-4668-BE54-9A1E7A4F7556}") = "CR.S3Bucket", "Library\Infrastructure\CR.S3Bucket\CR.S3Bucket.csproj", "{2638D307-6A1A-496F-A56A-A5057FC907FE}"
EndProject
Project("{9A19103F-16F7-4668-BE54-9A1E7A4F7556}") = "OpenXMLLibrary", "Library\Infrastructure\OpenXMLLibrary\OpenXMLLibrary.csproj", "{47FE1116-6F10-4BB3-B356-6C1799C253B2}"
EndProject
Project("{E53339B2-1760-4266-BCC7-CA923CBCF16C}") = "docker-compose", "..\Docker\BE\docker-compose.dcproj", "{1B644E73-1613-4DB1-A77C-023E4B3084EA}"
EndProject
Project("{9A19103F-16F7-4668-BE54-9A1E7A4F7556}") = "CR.ConvertFile", "Library\Infrastructure\CR.ConvertFile\CR.ConvertFile.csproj", "{9404D260-5DF0-4182-89F4-B1AA5C891B4C}"
EndProject
Project("{9A19103F-16F7-4668-BE54-9A1E7A4F7556}") = "CR.Notification", "Library\Infrastructure\CR.Notification\CR.Notification.csproj", "{F96573BA-ED1A-421E-BF0D-A3FA79E984EF}"
EndProject
Project("{9A19103F-16F7-4668-BE54-9A1E7A4F7556}") = "CR.RabbitMQ", "Library\Infrastructure\CR.RabbitMQ\CR.RabbitMQ.csproj", "{4CD316CC-B9C9-457F-AB8B-2F259F1FBE94}"
EndProject
Project("{2150E333-8FDC-42A3-9474-1A3956D46DE8}") = "Test", "Test", "{8D1492FF-68B8-4DA3-8971-E19A973A492F}"
EndProject
Project("{9A19103F-16F7-4668-BE54-9A1E7A4F7556}") = "CR.TestBase", "Library\Test\CR.TestBase\CR.TestBase.csproj", "{580D8102-5F7B-4A8B-9AD3-8D233B0F10C8}"
EndProject
Project("{2150E333-8FDC-42A3-9474-1A3956D46DE8}") = "WebApps", "WebApps", "{C5B9CB80-50BC-4160-930A-AD834EF1A13F}"
EndProject
Project("{9A19103F-16F7-4668-BE54-9A1E7A4F7556}") = "CR.WebApp", "WebApps\CR.WebApp\CR.WebApp.csproj", "{95CD65B9-6254-434A-8797-41293FAFE368}"
EndProject
Project("{9A19103F-16F7-4668-BE54-9A1E7A4F7556}") = "CR.DtoBase", "Library\CR.DtoBase\CR.DtoBase.csproj", "{4154AFF4-7E33-418D-B0FB-E9EF8802C746}"
EndProject
Project("{9A19103F-16F7-4668-BE54-9A1E7A4F7556}") = "CR.Localization", "Library\Application\CR.Localization\CR.Localization.csproj", "{8F24C566-ABF5-49BF-80E0-88C2F03BA4CD}"
EndProject
Project("{9A19103F-16F7-4668-BE54-9A1E7A4F7556}") = "CR.ConstantBase", "Library\Infrastructure\CR.ConstantBase\CR.ConstantBase.csproj", "{6B398226-2DEC-4F1E-B39E-047EE92771DF}"
EndProject
Project("{9A19103F-16F7-4668-BE54-9A1E7A4F7556}") = "CR.Core.Dtos", "Services\Core\CR.Core.Dtos\CR.Core.Dtos.csproj", "{E67251CC-41B8-469E-AE0D-B9A4E53E995C}"
EndProject
Project("{9A19103F-16F7-4668-BE54-9A1E7A4F7556}") = "CR.LLM", "Library\Infrastructure\CR.LLM\CR.LLM.csproj", "{D03EA455-0462-47B9-8B2B-9B20133AC9C1}"
EndProject
Project("{9A19103F-16F7-4668-BE54-9A1E7A4F7556}") = "CR.MongoDB", "Library\Infrastructure\CR.MongoDB\CR.MongoDB.csproj", "{7A4D6602-6222-4FF4-AAC1-7AD7D5868B38}"
EndProject
Project("{9A19103F-16F7-4668-BE54-9A1E7A4F7556}") = "CR.Project.AppHost", "Tools\CR.Project.AppHost\CR.Project.AppHost.csproj", "{861C0854-D45B-4AB2-ADF3-4039BFEF61CC}"
EndProject
Project("{9A19103F-16F7-4668-BE54-9A1E7A4F7556}") = "CR.Project.ServiceDefaults", "Tools\CR.Project.ServiceDefaults\CR.Project.ServiceDefaults.csproj", "{725E206F-A54A-4B4F-A71E-4E38D08962E3}"
EndProject
Project("{9A19103F-16F7-4668-BE54-9A1E7A4F7556}") = "CR.Docs", "..\..\docs\CR.Docs.csproj", "{0A42FD36-E671-4602-A720-C8515BD3F39D}"
EndProject
Global
	GlobalSection(SolutionConfigurationPlatforms) = preSolution
		Debug|Any CPU = Debug|Any CPU
		Release|Any CPU = Release|Any CPU
	EndGlobalSection
	GlobalSection(ProjectConfigurationPlatforms) = postSolution
		{E751E03A-79C3-4365-AE34-654CB5B737DD}.Debug|Any CPU.ActiveCfg = Debug|Any CPU
		{E751E03A-79C3-4365-AE34-654CB5B737DD}.Debug|Any CPU.Build.0 = Debug|Any CPU
		{E751E03A-79C3-4365-AE34-654CB5B737DD}.Release|Any CPU.ActiveCfg = Release|Any CPU
		{E751E03A-79C3-4365-AE34-654CB5B737DD}.Release|Any CPU.Build.0 = Release|Any CPU
		{AF7F8BD3-D662-4D32-B66B-9FE687BBFD57}.Debug|Any CPU.ActiveCfg = Debug|Any CPU
		{AF7F8BD3-D662-4D32-B66B-9FE687BBFD57}.Debug|Any CPU.Build.0 = Debug|Any CPU
		{AF7F8BD3-D662-4D32-B66B-9FE687BBFD57}.Release|Any CPU.ActiveCfg = Release|Any CPU
		{AF7F8BD3-D662-4D32-B66B-9FE687BBFD57}.Release|Any CPU.Build.0 = Release|Any CPU
		{DF78817F-BA03-4F2A-B9E5-F087013811AE}.Debug|Any CPU.ActiveCfg = Debug|Any CPU
		{DF78817F-BA03-4F2A-B9E5-F087013811AE}.Debug|Any CPU.Build.0 = Debug|Any CPU
		{DF78817F-BA03-4F2A-B9E5-F087013811AE}.Release|Any CPU.ActiveCfg = Release|Any CPU
		{DF78817F-BA03-4F2A-B9E5-F087013811AE}.Release|Any CPU.Build.0 = Release|Any CPU
		{2CA4F38F-92A0-4D61-BA6E-98FBC0D3AB72}.Debug|Any CPU.ActiveCfg = Debug|Any CPU
		{2CA4F38F-92A0-4D61-BA6E-98FBC0D3AB72}.Debug|Any CPU.Build.0 = Debug|Any CPU
		{2CA4F38F-92A0-4D61-BA6E-98FBC0D3AB72}.Release|Any CPU.ActiveCfg = Release|Any CPU
		{2CA4F38F-92A0-4D61-BA6E-98FBC0D3AB72}.Release|Any CPU.Build.0 = Release|Any CPU
		{028AE4E6-999A-45CC-A2A5-B29F2E79A8B0}.Debug|Any CPU.ActiveCfg = Debug|Any CPU
		{028AE4E6-999A-45CC-A2A5-B29F2E79A8B0}.Debug|Any CPU.Build.0 = Debug|Any CPU
		{028AE4E6-999A-45CC-A2A5-B29F2E79A8B0}.Release|Any CPU.ActiveCfg = Release|Any CPU
		{028AE4E6-999A-45CC-A2A5-B29F2E79A8B0}.Release|Any CPU.Build.0 = Release|Any CPU
		{75795799-1282-4547-AC60-0D978E44E096}.Debug|Any CPU.ActiveCfg = Debug|Any CPU
		{75795799-1282-4547-AC60-0D978E44E096}.Debug|Any CPU.Build.0 = Debug|Any CPU
		{75795799-1282-4547-AC60-0D978E44E096}.Release|Any CPU.ActiveCfg = Release|Any CPU
		{75795799-1282-4547-AC60-0D978E44E096}.Release|Any CPU.Build.0 = Release|Any CPU
		{1CC9BF2A-EB04-4B19-89FD-27CE3DD40CFC}.Debug|Any CPU.ActiveCfg = Debug|Any CPU
		{1CC9BF2A-EB04-4B19-89FD-27CE3DD40CFC}.Debug|Any CPU.Build.0 = Debug|Any CPU
		{1CC9BF2A-EB04-4B19-89FD-27CE3DD40CFC}.Release|Any CPU.ActiveCfg = Release|Any CPU
		{1CC9BF2A-EB04-4B19-89FD-27CE3DD40CFC}.Release|Any CPU.Build.0 = Release|Any CPU
		{332201D9-B10C-4BE6-B40F-9F7A85235F51}.Debug|Any CPU.ActiveCfg = Debug|Any CPU
		{332201D9-B10C-4BE6-B40F-9F7A85235F51}.Debug|Any CPU.Build.0 = Debug|Any CPU
		{332201D9-B10C-4BE6-B40F-9F7A85235F51}.Release|Any CPU.ActiveCfg = Release|Any CPU
		{332201D9-B10C-4BE6-B40F-9F7A85235F51}.Release|Any CPU.Build.0 = Release|Any CPU
		{9F2FA5B2-5C6E-4D95-8949-05A0FCD586D0}.Debug|Any CPU.ActiveCfg = Debug|Any CPU
		{9F2FA5B2-5C6E-4D95-8949-05A0FCD586D0}.Debug|Any CPU.Build.0 = Debug|Any CPU
		{9F2FA5B2-5C6E-4D95-8949-05A0FCD586D0}.Release|Any CPU.ActiveCfg = Release|Any CPU
		{9F2FA5B2-5C6E-4D95-8949-05A0FCD586D0}.Release|Any CPU.Build.0 = Release|Any CPU
		{5AB71CDF-7088-4B23-9C63-031089304C11}.Debug|Any CPU.ActiveCfg = Debug|Any CPU
		{5AB71CDF-7088-4B23-9C63-031089304C11}.Debug|Any CPU.Build.0 = Debug|Any CPU
		{5AB71CDF-7088-4B23-9C63-031089304C11}.Release|Any CPU.ActiveCfg = Release|Any CPU
		{5AB71CDF-7088-4B23-9C63-031089304C11}.Release|Any CPU.Build.0 = Release|Any CPU
		{7D86A375-D732-422F-841E-69B8C6C08F7E}.Debug|Any CPU.ActiveCfg = Debug|Any CPU
		{7D86A375-D732-422F-841E-69B8C6C08F7E}.Debug|Any CPU.Build.0 = Debug|Any CPU
		{7D86A375-D732-422F-841E-69B8C6C08F7E}.Release|Any CPU.ActiveCfg = Release|Any CPU
		{7D86A375-D732-422F-841E-69B8C6C08F7E}.Release|Any CPU.Build.0 = Release|Any CPU
		{8355238A-A8F2-4387-A367-771EB967A4D1}.Debug|Any CPU.ActiveCfg = Debug|Any CPU
		{8355238A-A8F2-4387-A367-771EB967A4D1}.Debug|Any CPU.Build.0 = Debug|Any CPU
		{8355238A-A8F2-4387-A367-771EB967A4D1}.Release|Any CPU.ActiveCfg = Release|Any CPU
		{8355238A-A8F2-4387-A367-771EB967A4D1}.Release|Any CPU.Build.0 = Release|Any CPU
		{9BB3A2AD-EE78-49DC-80E4-4D25CDB9C769}.Debug|Any CPU.ActiveCfg = Debug|Any CPU
		{9BB3A2AD-EE78-49DC-80E4-4D25CDB9C769}.Debug|Any CPU.Build.0 = Debug|Any CPU
		{9BB3A2AD-EE78-49DC-80E4-4D25CDB9C769}.Release|Any CPU.ActiveCfg = Release|Any CPU
		{9BB3A2AD-EE78-49DC-80E4-4D25CDB9C769}.Release|Any CPU.Build.0 = Release|Any CPU
		{99795BB1-10F6-4E88-908C-7E44BEC55ABB}.Debug|Any CPU.ActiveCfg = Debug|Any CPU
		{99795BB1-10F6-4E88-908C-7E44BEC55ABB}.Debug|Any CPU.Build.0 = Debug|Any CPU
		{99795BB1-10F6-4E88-908C-7E44BEC55ABB}.Release|Any CPU.ActiveCfg = Release|Any CPU
		{99795BB1-10F6-4E88-908C-7E44BEC55ABB}.Release|Any CPU.Build.0 = Release|Any CPU
		{2638D307-6A1A-496F-A56A-A5057FC907FE}.Debug|Any CPU.ActiveCfg = Debug|Any CPU
		{2638D307-6A1A-496F-A56A-A5057FC907FE}.Debug|Any CPU.Build.0 = Debug|Any CPU
		{2638D307-6A1A-496F-A56A-A5057FC907FE}.Release|Any CPU.ActiveCfg = Release|Any CPU
		{2638D307-6A1A-496F-A56A-A5057FC907FE}.Release|Any CPU.Build.0 = Release|Any CPU
		{47FE1116-6F10-4BB3-B356-6C1799C253B2}.Debug|Any CPU.ActiveCfg = Debug|Any CPU
		{47FE1116-6F10-4BB3-B356-6C1799C253B2}.Debug|Any CPU.Build.0 = Debug|Any CPU
		{47FE1116-6F10-4BB3-B356-6C1799C253B2}.Release|Any CPU.ActiveCfg = Release|Any CPU
		{47FE1116-6F10-4BB3-B356-6C1799C253B2}.Release|Any CPU.Build.0 = Release|Any CPU
		{1B644E73-1613-4DB1-A77C-023E4B3084EA}.Debug|Any CPU.ActiveCfg = Debug|Any CPU
		{1B644E73-1613-4DB1-A77C-023E4B3084EA}.Debug|Any CPU.Build.0 = Debug|Any CPU
		{1B644E73-1613-4DB1-A77C-023E4B3084EA}.Release|Any CPU.ActiveCfg = Release|Any CPU
		{1B644E73-1613-4DB1-A77C-023E4B3084EA}.Release|Any CPU.Build.0 = Release|Any CPU
		{9404D260-5DF0-4182-89F4-B1AA5C891B4C}.Debug|Any CPU.ActiveCfg = Debug|Any CPU
		{9404D260-5DF0-4182-89F4-B1AA5C891B4C}.Debug|Any CPU.Build.0 = Debug|Any CPU
		{9404D260-5DF0-4182-89F4-B1AA5C891B4C}.Release|Any CPU.ActiveCfg = Release|Any CPU
		{9404D260-5DF0-4182-89F4-B1AA5C891B4C}.Release|Any CPU.Build.0 = Release|Any CPU
		{F96573BA-ED1A-421E-BF0D-A3FA79E984EF}.Debug|Any CPU.ActiveCfg = Debug|Any CPU
		{F96573BA-ED1A-421E-BF0D-A3FA79E984EF}.Debug|Any CPU.Build.0 = Debug|Any CPU
		{F96573BA-ED1A-421E-BF0D-A3FA79E984EF}.Release|Any CPU.ActiveCfg = Release|Any CPU
		{F96573BA-ED1A-421E-BF0D-A3FA79E984EF}.Release|Any CPU.Build.0 = Release|Any CPU
		{4CD316CC-B9C9-457F-AB8B-2F259F1FBE94}.Debug|Any CPU.ActiveCfg = Debug|Any CPU
		{4CD316CC-B9C9-457F-AB8B-2F259F1FBE94}.Debug|Any CPU.Build.0 = Debug|Any CPU
		{4CD316CC-B9C9-457F-AB8B-2F259F1FBE94}.Release|Any CPU.ActiveCfg = Release|Any CPU
		{4CD316CC-B9C9-457F-AB8B-2F259F1FBE94}.Release|Any CPU.Build.0 = Release|Any CPU
		{580D8102-5F7B-4A8B-9AD3-8D233B0F10C8}.Debug|Any CPU.ActiveCfg = Debug|Any CPU
		{580D8102-5F7B-4A8B-9AD3-8D233B0F10C8}.Debug|Any CPU.Build.0 = Debug|Any CPU
		{580D8102-5F7B-4A8B-9AD3-8D233B0F10C8}.Release|Any CPU.ActiveCfg = Release|Any CPU
		{580D8102-5F7B-4A8B-9AD3-8D233B0F10C8}.Release|Any CPU.Build.0 = Release|Any CPU
		{95CD65B9-6254-434A-8797-41293FAFE368}.Debug|Any CPU.ActiveCfg = Debug|Any CPU
		{95CD65B9-6254-434A-8797-41293FAFE368}.Debug|Any CPU.Build.0 = Debug|Any CPU
		{95CD65B9-6254-434A-8797-41293FAFE368}.Release|Any CPU.ActiveCfg = Release|Any CPU
		{95CD65B9-6254-434A-8797-41293FAFE368}.Release|Any CPU.Build.0 = Release|Any CPU
		{4154AFF4-7E33-418D-B0FB-E9EF8802C746}.Debug|Any CPU.ActiveCfg = Debug|Any CPU
		{4154AFF4-7E33-418D-B0FB-E9EF8802C746}.Debug|Any CPU.Build.0 = Debug|Any CPU
		{4154AFF4-7E33-418D-B0FB-E9EF8802C746}.Release|Any CPU.ActiveCfg = Release|Any CPU
		{4154AFF4-7E33-418D-B0FB-E9EF8802C746}.Release|Any CPU.Build.0 = Release|Any CPU
		{8F24C566-ABF5-49BF-80E0-88C2F03BA4CD}.Debug|Any CPU.ActiveCfg = Debug|Any CPU
		{8F24C566-ABF5-49BF-80E0-88C2F03BA4CD}.Debug|Any CPU.Build.0 = Debug|Any CPU
		{8F24C566-ABF5-49BF-80E0-88C2F03BA4CD}.Release|Any CPU.ActiveCfg = Release|Any CPU
		{8F24C566-ABF5-49BF-80E0-88C2F03BA4CD}.Release|Any CPU.Build.0 = Release|Any CPU
		{6B398226-2DEC-4F1E-B39E-047EE92771DF}.Debug|Any CPU.ActiveCfg = Debug|Any CPU
		{6B398226-2DEC-4F1E-B39E-047EE92771DF}.Debug|Any CPU.Build.0 = Debug|Any CPU
		{6B398226-2DEC-4F1E-B39E-047EE92771DF}.Release|Any CPU.ActiveCfg = Release|Any CPU
		{6B398226-2DEC-4F1E-B39E-047EE92771DF}.Release|Any CPU.Build.0 = Release|Any CPU
		{E67251CC-41B8-469E-AE0D-B9A4E53E995C}.Debug|Any CPU.ActiveCfg = Debug|Any CPU
		{E67251CC-41B8-469E-AE0D-B9A4E53E995C}.Debug|Any CPU.Build.0 = Debug|Any CPU
		{E67251CC-41B8-469E-AE0D-B9A4E53E995C}.Release|Any CPU.ActiveCfg = Release|Any CPU
		{E67251CC-41B8-469E-AE0D-B9A4E53E995C}.Release|Any CPU.Build.0 = Release|Any CPU
		{D03EA455-0462-47B9-8B2B-9B20133AC9C1}.Debug|Any CPU.ActiveCfg = Debug|Any CPU
		{D03EA455-0462-47B9-8B2B-9B20133AC9C1}.Debug|Any CPU.Build.0 = Debug|Any CPU
		{D03EA455-0462-47B9-8B2B-9B20133AC9C1}.Release|Any CPU.ActiveCfg = Release|Any CPU
		{D03EA455-0462-47B9-8B2B-9B20133AC9C1}.Release|Any CPU.Build.0 = Release|Any CPU
		{7A4D6602-6222-4FF4-AAC1-7AD7D5868B38}.Debug|Any CPU.ActiveCfg = Debug|Any CPU
		{7A4D6602-6222-4FF4-AAC1-7AD7D5868B38}.Debug|Any CPU.Build.0 = Debug|Any CPU
		{7A4D6602-6222-4FF4-AAC1-7AD7D5868B38}.Release|Any CPU.ActiveCfg = Release|Any CPU
		{7A4D6602-6222-4FF4-AAC1-7AD7D5868B38}.Release|Any CPU.Build.0 = Release|Any CPU
		{861C0854-D45B-4AB2-ADF3-4039BFEF61CC}.Debug|Any CPU.ActiveCfg = Debug|Any CPU
		{861C0854-D45B-4AB2-ADF3-4039BFEF61CC}.Debug|Any CPU.Build.0 = Debug|Any CPU
		{861C0854-D45B-4AB2-ADF3-4039BFEF61CC}.Release|Any CPU.ActiveCfg = Release|Any CPU
		{861C0854-D45B-4AB2-ADF3-4039BFEF61CC}.Release|Any CPU.Build.0 = Release|Any CPU
		{725E206F-A54A-4B4F-A71E-4E38D08962E3}.Debug|Any CPU.ActiveCfg = Debug|Any CPU
		{725E206F-A54A-4B4F-A71E-4E38D08962E3}.Debug|Any CPU.Build.0 = Debug|Any CPU
		{725E206F-A54A-4B4F-A71E-4E38D08962E3}.Release|Any CPU.ActiveCfg = Release|Any CPU
		{725E206F-A54A-4B4F-A71E-4E38D08962E3}.Release|Any CPU.Build.0 = Release|Any CPU
		{0A42FD36-E671-4602-A720-C8515BD3F39D}.Debug|Any CPU.ActiveCfg = Debug|Any CPU
		{0A42FD36-E671-4602-A720-C8515BD3F39D}.Debug|Any CPU.Build.0 = Debug|Any CPU
		{0A42FD36-E671-4602-A720-C8515BD3F39D}.Release|Any CPU.ActiveCfg = Release|Any CPU
		{0A42FD36-E671-4602-A720-C8515BD3F39D}.Release|Any CPU.Build.0 = Release|Any CPU
	EndGlobalSection
	GlobalSection(SolutionProperties) = preSolution
		HideSolutionNode = FALSE
	EndGlobalSection
	GlobalSection(NestedProjects) = preSolution
		{55FCBCDB-FE44-48E5-B3F0-83658FA44299} = {B8C3B9DB-FD70-4CC9-9B4D-623053B38A3B}
		{E751E03A-79C3-4365-AE34-654CB5B737DD} = {55FCBCDB-FE44-48E5-B3F0-83658FA44299}
		{BE74B5CD-39C0-4F21-A49E-863BB28E953E} = {B8C3B9DB-FD70-4CC9-9B4D-623053B38A3B}
		{9C93A3F5-0188-41EF-BCCF-6E5624569F1C} = {B8C3B9DB-FD70-4CC9-9B4D-623053B38A3B}
		{AF7F8BD3-D662-4D32-B66B-9FE687BBFD57} = {BE74B5CD-39C0-4F21-A49E-863BB28E953E}
		{DF78817F-BA03-4F2A-B9E5-F087013811AE} = {BE74B5CD-39C0-4F21-A49E-863BB28E953E}
		{2CA4F38F-92A0-4D61-BA6E-98FBC0D3AB72} = {9C93A3F5-0188-41EF-BCCF-6E5624569F1C}
		{028AE4E6-999A-45CC-A2A5-B29F2E79A8B0} = {9C93A3F5-0188-41EF-BCCF-6E5624569F1C}
		{75795799-1282-4547-AC60-0D978E44E096} = {B8C3B9DB-FD70-4CC9-9B4D-623053B38A3B}
		{1CC9BF2A-EB04-4B19-89FD-27CE3DD40CFC} = {84BA3E1F-5AD8-404F-AF9D-ABB8F277EA2B}
		{D48046C2-AA30-4165-AA1B-D2BA3C5C2342} = {B98DEC49-8F97-4669-880D-3BC72345B9E7}
		{34926495-8C23-44AF-AF1C-9C8DDB95CC3F} = {B98DEC49-8F97-4669-880D-3BC72345B9E7}
		{332201D9-B10C-4BE6-B40F-9F7A85235F51} = {34926495-8C23-44AF-AF1C-9C8DDB95CC3F}
		{9F2FA5B2-5C6E-4D95-8949-05A0FCD586D0} = {34926495-8C23-44AF-AF1C-9C8DDB95CC3F}
		{5AB71CDF-7088-4B23-9C63-031089304C11} = {34926495-8C23-44AF-AF1C-9C8DDB95CC3F}
		{7D86A375-D732-422F-841E-69B8C6C08F7E} = {D48046C2-AA30-4165-AA1B-D2BA3C5C2342}
		{8355238A-A8F2-4387-A367-771EB967A4D1} = {D48046C2-AA30-4165-AA1B-D2BA3C5C2342}
		{9BB3A2AD-EE78-49DC-80E4-4D25CDB9C769} = {D48046C2-AA30-4165-AA1B-D2BA3C5C2342}
		{99795BB1-10F6-4E88-908C-7E44BEC55ABB} = {D48046C2-AA30-4165-AA1B-D2BA3C5C2342}
		{2638D307-6A1A-496F-A56A-A5057FC907FE} = {BE74B5CD-39C0-4F21-A49E-863BB28E953E}
		{47FE1116-6F10-4BB3-B356-6C1799C253B2} = {BE74B5CD-39C0-4F21-A49E-863BB28E953E}
		{1B644E73-1613-4DB1-A77C-023E4B3084EA} = {78C5C129-7CAA-4318-91AD-403E097A0DC4}
		{9404D260-5DF0-4182-89F4-B1AA5C891B4C} = {BE74B5CD-39C0-4F21-A49E-863BB28E953E}
		{F96573BA-ED1A-421E-BF0D-A3FA79E984EF} = {BE74B5CD-39C0-4F21-A49E-863BB28E953E}
		{4CD316CC-B9C9-457F-AB8B-2F259F1FBE94} = {BE74B5CD-39C0-4F21-A49E-863BB28E953E}
		{8D1492FF-68B8-4DA3-8971-E19A973A492F} = {B8C3B9DB-FD70-4CC9-9B4D-623053B38A3B}
		{580D8102-5F7B-4A8B-9AD3-8D233B0F10C8} = {8D1492FF-68B8-4DA3-8971-E19A973A492F}
		{95CD65B9-6254-434A-8797-41293FAFE368} = {C5B9CB80-50BC-4160-930A-AD834EF1A13F}
		{4154AFF4-7E33-418D-B0FB-E9EF8802C746} = {55FCBCDB-FE44-48E5-B3F0-83658FA44299}
		{8F24C566-ABF5-49BF-80E0-88C2F03BA4CD} = {55FCBCDB-FE44-48E5-B3F0-83658FA44299}
		{6B398226-2DEC-4F1E-B39E-047EE92771DF} = {BE74B5CD-39C0-4F21-A49E-863BB28E953E}
		{E67251CC-41B8-469E-AE0D-B9A4E53E995C} = {D48046C2-AA30-4165-AA1B-D2BA3C5C2342}
		{D03EA455-0462-47B9-8B2B-9B20133AC9C1} = {BE74B5CD-39C0-4F21-A49E-863BB28E953E}
		{7A4D6602-6222-4FF4-AAC1-7AD7D5868B38} = {BE74B5CD-39C0-4F21-A49E-863BB28E953E}
		{861C0854-D45B-4AB2-ADF3-4039BFEF61CC} = {84BA3E1F-5AD8-404F-AF9D-ABB8F277EA2B}
		{725E206F-A54A-4B4F-A71E-4E38D08962E3} = {84BA3E1F-5AD8-404F-AF9D-ABB8F277EA2B}
		{0A42FD36-E671-4602-A720-C8515BD3F39D} = {B40F0490-F652-433A-B8F8-E54A36C86C38}
	EndGlobalSection
	GlobalSection(ExtensibilityGlobals) = postSolution
		SolutionGuid = {F01D095D-AD00-44BA-B0ED-E2FADF0D54F3}
	EndGlobalSection
EndGlobal
